
Microsoft Visual Studio Solution File, Format Version 12.00
# Visual Studio Version 17
VisualStudioVersion = 17.13.35825.156
MinimumVisualStudioVersion = 10.0.40219.1
Project("{FAE04EC0-301F-11D3-BF4B-00C04F79EFBC}") = "FormDllInjector", "FormDllInjector\FormDllInjector.csproj", "{4215ECEB-A98D-4EDF-B4B9-1F9D1C51A7D5}"
EndProject
Project("{FAE04EC0-301F-11D3-BF4B-00C04F79EFBC}") = "Injector64", "Injector64\Injector64.csproj", "{702BC3FD-0556-49A4-901E-1FFA3208AD6E}"
EndProject
Project("{FAE04EC0-301F-11D3-BF4B-00C04F79EFBC}") = "Injector32", "Injector32\Injector32.csproj", "{3E729F2A-9E0B-4FCC-8D09-6EB169DD6CF4}"
EndProject
Project("{FAE04EC0-301F-11D3-BF4B-00C04F79EFBC}") = "InjectorCommon", "InjectorCommon\InjectorCommon.csproj", "{B04019BF-B324-433C-96D1-6E58A252D536}"
EndProject
Global
	GlobalSection(SolutionConfigurationPlatforms) = preSolution
		Debug|Any CPU = Debug|Any CPU
		Debug|ARM32 = Debug|ARM32
		Debug|x86 = Debug|x86
		Release|Any CPU = Release|Any CPU
		Release|ARM32 = Release|ARM32
		Release|x86 = Release|x86
	EndGlobalSection
	GlobalSection(ProjectConfigurationPlatforms) = postSolution
		{4215ECEB-A98D-4EDF-B4B9-1F9D1C51A7D5}.Debug|Any CPU.ActiveCfg = Debug|Any CPU
		{4215ECEB-A98D-4EDF-B4B9-1F9D1C51A7D5}.Debug|Any CPU.Build.0 = Debug|Any CPU
		{4215ECEB-A98D-4EDF-B4B9-1F9D1C51A7D5}.Debug|ARM32.ActiveCfg = Debug|Any CPU
		{4215ECEB-A98D-4EDF-B4B9-1F9D1C51A7D5}.Debug|ARM32.Build.0 = Debug|Any CPU
		{4215ECEB-A98D-4EDF-B4B9-1F9D1C51A7D5}.Debug|x86.ActiveCfg = Debug|Any CPU
		{4215ECEB-A98D-4EDF-B4B9-1F9D1C51A7D5}.Debug|x86.Build.0 = Debug|Any CPU
		{4215ECEB-A98D-4EDF-B4B9-1F9D1C51A7D5}.Release|Any CPU.ActiveCfg = Release|Any CPU
		{4215ECEB-A98D-4EDF-B4B9-1F9D1C51A7D5}.Release|Any CPU.Build.0 = Release|Any CPU
		{4215ECEB-A98D-4EDF-B4B9-1F9D1C51A7D5}.Release|ARM32.ActiveCfg = Release|Any CPU
		{4215ECEB-A98D-4EDF-B4B9-1F9D1C51A7D5}.Release|ARM32.Build.0 = Release|Any CPU
		{4215ECEB-A98D-4EDF-B4B9-1F9D1C51A7D5}.Release|x86.ActiveCfg = Release|Any CPU
		{4215ECEB-A98D-4EDF-B4B9-1F9D1C51A7D5}.Release|x86.Build.0 = Release|Any CPU
		{702BC3FD-0556-49A4-901E-1FFA3208AD6E}.Debug|Any CPU.ActiveCfg = Debug|Any CPU
		{702BC3FD-0556-49A4-901E-1FFA3208AD6E}.Debug|Any CPU.Build.0 = Debug|Any CPU
		{702BC3FD-0556-49A4-901E-1FFA3208AD6E}.Debug|ARM32.ActiveCfg = Debug|Any CPU
		{702BC3FD-0556-49A4-901E-1FFA3208AD6E}.Debug|ARM32.Build.0 = Debug|Any CPU
		{702BC3FD-0556-49A4-901E-1FFA3208AD6E}.Debug|x86.ActiveCfg = Debug|Any CPU
		{702BC3FD-0556-49A4-901E-1FFA3208AD6E}.Debug|x86.Build.0 = Debug|Any CPU
		{702BC3FD-0556-49A4-901E-1FFA3208AD6E}.Release|Any CPU.ActiveCfg = Release|Any CPU
		{702BC3FD-0556-49A4-901E-1FFA3208AD6E}.Release|Any CPU.Build.0 = Release|Any CPU
		{702BC3FD-0556-49A4-901E-1FFA3208AD6E}.Release|ARM32.ActiveCfg = Release|Any CPU
		{702BC3FD-0556-49A4-901E-1FFA3208AD6E}.Release|ARM32.Build.0 = Release|Any CPU
		{702BC3FD-0556-49A4-901E-1FFA3208AD6E}.Release|x86.ActiveCfg = Release|Any CPU
		{702BC3FD-0556-49A4-901E-1FFA3208AD6E}.Release|x86.Build.0 = Release|Any CPU
		{3E729F2A-9E0B-4FCC-8D09-6EB169DD6CF4}.Debug|Any CPU.ActiveCfg = Debug|Any CPU
		{3E729F2A-9E0B-4FCC-8D09-6EB169DD6CF4}.Debug|Any CPU.Build.0 = Debug|Any CPU
		{3E729F2A-9E0B-4FCC-8D09-6EB169DD6CF4}.Debug|ARM32.ActiveCfg = Debug|Any CPU
		{3E729F2A-9E0B-4FCC-8D09-6EB169DD6CF4}.Debug|ARM32.Build.0 = Debug|Any CPU
		{3E729F2A-9E0B-4FCC-8D09-6EB169DD6CF4}.Debug|x86.ActiveCfg = Debug|Any CPU
		{3E729F2A-9E0B-4FCC-8D09-6EB169DD6CF4}.Debug|x86.Build.0 = Debug|Any CPU
		{3E729F2A-9E0B-4FCC-8D09-6EB169DD6CF4}.Release|Any CPU.ActiveCfg = Release|Any CPU
		{3E729F2A-9E0B-4FCC-8D09-6EB169DD6CF4}.Release|Any CPU.Build.0 = Release|Any CPU
		{3E729F2A-9E0B-4FCC-8D09-6EB169DD6CF4}.Release|ARM32.ActiveCfg = Release|Any CPU
		{3E729F2A-9E0B-4FCC-8D09-6EB169DD6CF4}.Release|ARM32.Build.0 = Release|Any CPU
		{3E729F2A-9E0B-4FCC-8D09-6EB169DD6CF4}.Release|x86.ActiveCfg = Release|Any CPU
		{3E729F2A-9E0B-4FCC-8D09-6EB169DD6CF4}.Release|x86.Build.0 = Release|Any CPU
		{B04019BF-B324-433C-96D1-6E58A252D536}.Debug|Any CPU.ActiveCfg = Debug|Any CPU
		{B04019BF-B324-433C-96D1-6E58A252D536}.Debug|Any CPU.Build.0 = Debug|Any CPU
		{B04019BF-B324-433C-96D1-6E58A252D536}.Debug|ARM32.ActiveCfg = Debug|Any CPU
		{B04019BF-B324-433C-96D1-6E58A252D536}.Debug|ARM32.Build.0 = Debug|Any CPU
		{B04019BF-B324-433C-96D1-6E58A252D536}.Debug|x86.ActiveCfg = Debug|Any CPU
		{B04019BF-B324-433C-96D1-6E58A252D536}.Debug|x86.Build.0 = Debug|Any CPU
		{B04019BF-B324-433C-96D1-6E58A252D536}.Release|Any CPU.ActiveCfg = Release|Any CPU
		{B04019BF-B324-433C-96D1-6E58A252D536}.Release|Any CPU.Build.0 = Release|Any CPU
		{B04019BF-B324-433C-96D1-6E58A252D536}.Release|ARM32.ActiveCfg = Release|Any CPU
		{B04019BF-B324-433C-96D1-6E58A252D536}.Release|ARM32.Build.0 = Release|Any CPU
		{B04019BF-B324-433C-96D1-6E58A252D536}.Release|x86.ActiveCfg = Release|Any CPU
		{B04019BF-B324-433C-96D1-6E58A252D536}.Release|x86.Build.0 = Release|Any CPU
	EndGlobalSection
	GlobalSection(SolutionProperties) = preSolution
		HideSolutionNode = FALSE
	EndGlobalSection
	GlobalSection(ExtensibilityGlobals) = postSolution
		SolutionGuid = {4D44A2F6-D908-49BD-A0CE-F9E3A794AFEC}
	EndGlobalSection
EndGlobal
